<?xml version="1.0" encoding="utf-8"?>
<Project ToolsVersion="4.0" xmlns="http://schemas.microsoft.com/developer/msbuild/2003">
  <ItemGroup>
    <Filter Include="login_sql">
      <UniqueIdentifier>{732f5a18-9c01-4d22-a49c-392d8d7dd4eb}</UniqueIdentifier>
    </Filter>
    <Filter Include="common">
      <UniqueIdentifier>{ca3d29f0-f3f0-4cba-a4ef-05b9e13f7ba3}</UniqueIdentifier>
    </Filter>
    <Filter Include="3rdparty">
      <UniqueIdentifier>{f356689c-8a01-4e4e-8a18-10c38c784c8a}</UniqueIdentifier>
    </Filter>
    <Filter Include="3rdparty\mt19937ar">
      <UniqueIdentifier>{25ad03d5-e51f-4a28-9eb0-9695d32e2d4c}</UniqueIdentifier>
    </Filter>
    <Filter Include="3rdparty\libconfig">
      <UniqueIdentifier>{2aef16fa-4b1c-4c10-a3d4-a2ed76f53aa8}</UniqueIdentifier>
    </Filter>
  </ItemGroup>
  <ItemGroup>
    <ClInclude Include="..\src\login\account.h">
      <Filter>login_sql</Filter>
    </ClInclude>
    <ClInclude Include="..\src\login\HPMlogin.h">
      <Filter>login_sql</Filter>
    </ClInclude>
    <ClInclude Include="..\src\login\ipban.h">
      <Filter>login_sql</Filter>
    </ClInclude>
    <ClInclude Include="..\src\login\login.h">
      <Filter>login_sql</Filter>
    </ClInclude>
    <ClInclude Include="..\src\login\loginlog.h">
      <Filter>login_sql</Filter>
    </ClInclude>
    <ClInclude Include="..\src\common\cbasetypes.h">
      <Filter>common</Filter>
    </ClInclude>
    <ClInclude Include="..\src\common\conf.h">
      <Filter>common</Filter>
    </ClInclude>
    <ClInclude Include="..\src\common\core.h">
      <Filter>common</Filter>
    </ClInclude>
    <ClInclude Include="..\src\common\console.h">
      <Filter>common</Filter>
    </ClInclude>
    <ClInclude Include="..\src\common\db.h">
      <Filter>common</Filter>
    </ClInclude>
    <ClInclude Include="..\src\common\ers.h">
      <Filter>common</Filter>
    </ClInclude>
    <ClInclude Include="..\src\common\HPM.h">
      <Filter>common</Filter>
    </ClInclude>
    <ClInclude Include="..\src\common\HPMi.h">
      <Filter>common</Filter>
    </ClInclude>
    <ClInclude Include="..\src\common\malloc.h">
      <Filter>common</Filter>
    </ClInclude>
    <ClInclude Include="..\src\common\md5calc.h">
      <Filter>common</Filter>
    </ClInclude>
    <ClInclude Include="..\src\common\mmo.h">
      <Filter>common</Filter>
    </ClInclude>
    <ClInclude Include="..\src\common\mutex.h">
      <Filter>common</Filter>
    </ClInclude>
    <ClInclude Include="..\src\common\nullpo.h">
      <Filter>common</Filter>
    </ClInclude>
    <ClInclude Include="..\src\common\random.h">
      <Filter>common</Filter>
    </ClInclude>
    <ClInclude Include="..\src\common\showmsg.h">
      <Filter>common</Filter>
    </ClInclude>
    <ClInclude Include="..\src\common\socket.h">
      <Filter>common</Filter>
    </ClInclude>
    <ClInclude Include="..\src\common\sql.h">
      <Filter>common</Filter>
    </ClInclude>
    <ClInclude Include="..\src\common\strlib.h">
      <Filter>common</Filter>
    </ClInclude>
    <ClInclude Include="..\src\common\sysinfo.h">
      <Filter>common</Filter>
    </ClInclude>
    <ClInclude Include="..\src\common\thread.h">
      <Filter>common</Filter>
    </ClInclude>
    <ClInclude Include="..\src\common\timer.h">
      <Filter>common</Filter>
    </ClInclude>
    <ClInclude Include="..\src\common\utils.h">
      <Filter>common</Filter>
    </ClInclude>
    <ClInclude Include="..\src\common\winapi.h">
      <Filter>common</Filter>
    </ClInclude>
    <ClInclude Include="..\3rdparty\mt19937ar\mt19937ar.h">
      <Filter>3rdparty\mt19937ar</Filter>
    </ClInclude>
    <ClInclude Include="..\3rdparty\libconfig\grammar.h">
      <Filter>3rdparty\libconfig</Filter>
    </ClInclude>
    <ClInclude Include="..\3rdparty\libconfig\libconfig.h">
      <Filter>3rdparty\libconfig</Filter>
    </ClInclude>
    <ClInclude Include="..\3rdparty\libconfig\parsectx.h">
      <Filter>3rdparty\libconfig</Filter>
    </ClInclude>
    <ClInclude Include="..\3rdparty\libconfig\scanctx.h">
      <Filter>3rdparty\libconfig</Filter>
    </ClInclude>
    <ClInclude Include="..\3rdparty\libconfig\scanner.h">
      <Filter>3rdparty\libconfig</Filter>
    </ClInclude>
    <ClInclude Include="..\3rdparty\libconfig\strbuf.h">
      <Filter>3rdparty\libconfig</Filter>
    </ClInclude>
    <ClInclude Include="..\3rdparty\libconfig\wincompat.h">
      <Filter>3rdparty\libconfig</Filter>
    </ClInclude>
  </ItemGroup>
  <ItemGroup>
    <ClCompile Include="..\src\login\account_sql.c">
      <Filter>login_sql</Filter>
    </ClCompile>
    <ClCompile Include="..\src\login\HPMlogin.c">
      <Filter>login_sql</Filter>
    </ClCompile>
    <ClCompile Include="..\src\login\ipban_sql.c">
      <Filter>login_sql</Filter>
    </ClCompile>
    <ClCompile Include="..\src\login\login.c">
      <Filter>login_sql</Filter>
    </ClCompile>
    <ClCompile Include="..\src\login\loginlog_sql.c">
      <Filter>login_sql</Filter>
    </ClCompile>
    <ClCompile Include="..\src\common\conf.c">
      <Filter>common</Filter>
    </ClCompile>
    <ClCompile Include="..\src\common\core.c">
      <Filter>common</Filter>
    </ClCompile>
    <ClCompile Include="..\src\common\console.c">
      <Filter>common</Filter>
    </ClCompile>
    <ClCompile Include="..\src\common\db.c">
      <Filter>common</Filter>
    </ClCompile>
    <ClCompile Include="..\src\common\ers.c">
      <Filter>common</Filter>
    </ClCompile>
    <ClCompile Include="..\src\common\HPM.c">
      <Filter>common</Filter>
    </ClCompile>
    <ClCompile Include="..\src\common\malloc.c">
      <Filter>common</Filter>
    </ClCompile>
    <ClCompile Include="..\src\common\md5calc.c">
      <Filter>common</Filter>
    </ClCompile>
    <ClCompile Include="..\src\common\mutex.c">
      <Filter>common</Filter>
    </ClCompile>
    <ClCompile Include="..\src\common\nullpo.c">
      <Filter>common</Filter>
    </ClCompile>
    <ClCompile Include="..\src\common\random.c">
      <Filter>common</Filter>
    </ClCompile>
    <ClCompile Include="..\src\common\showmsg.c">
      <Filter>common</Filter>
    </ClCompile>
    <ClCompile Include="..\src\common\socket.c">
      <Filter>common</Filter>
    </ClCompile>
    <ClCompile Include="..\src\common\sql.c">
      <Filter>common</Filter>
    </ClCompile>
    <ClCompile Include="..\src\common\strlib.c">
      <Filter>common</Filter>
    </ClCompile>
    <ClCompile Include="..\src\common\sysinfo.c">
      <Filter>common</Filter>
    </ClCompile>
    <ClCompile Include="..\src\common\thread.c">
      <Filter>common</Filter>
    </ClCompile>
    <ClCompile Include="..\src\common\timer.c">
      <Filter>common</Filter>
    </ClCompile>
    <ClCompile Include="..\src\common\utils.c">
      <Filter>common</Filter>
    </ClCompile>
    <ClCompile Include="..\3rdparty\mt19937ar\mt19937ar.c">
      <Filter>3rdparty\mt19937ar</Filter>
    </ClCompile>
    <ClCompile Include="..\3rdparty\libconfig\grammar.c">
      <Filter>3rdparty\libconfig</Filter>
    </ClCompile>
    <ClCompile Include="..\3rdparty\libconfig\libconfig.c">
      <Filter>3rdparty\libconfig</Filter>
    </ClCompile>
    <ClCompile Include="..\3rdparty\libconfig\scanctx.c">
      <Filter>3rdparty\libconfig</Filter>
    </ClCompile>
    <ClCompile Include="..\3rdparty\libconfig\scanner.c">
      <Filter>3rdparty\libconfig</Filter>
    </ClCompile>
    <ClCompile Include="..\3rdparty\libconfig\strbuf.c">
      <Filter>3rdparty\libconfig</Filter>
    </ClCompile>
  </ItemGroup>
</Project>